
Microsoft Visual Studio Solution File, Format Version 12.00
# Visual Studio Version 17
VisualStudioVersion = 17.10.35013.160
MinimumVisualStudioVersion = 10.0.40219.1
Project("{FAE04EC0-301F-11D3-BF4B-00C04F79EFBC}") = "Weather App with DI", "Weather App with DI\Weather App with DI.csproj", "{2B18BDE5-35CF-4F72-8B53-48C321290288}"
EndProject
Global
	GlobalSection(SolutionConfigurationPlatforms) = preSolution
		Debug|Any CPU = Debug|Any CPU
		Release|Any CPU = Release|Any CPU
	EndGlobalSection
	GlobalSection(ProjectConfigurationPlatforms) = postSolution
		{2B18BDE5-35CF-4F72-8B53-48C321290288}.Debug|Any CPU.ActiveCfg = Debug|Any CPU
		{2B18BDE5-35CF-4F72-8B53-48C321290288}.Debug|Any CPU.Build.0 = Debug|Any CPU
		{2B18BDE5-35CF-4F72-8B53-48C321290288}.Release|Any CPU.ActiveCfg = Release|Any CPU
		{2B18BDE5-35CF-4F72-8B53-48C321290288}.Release|Any CPU.Build.0 = Release|Any CPU
	EndGlobalSection
	GlobalSection(SolutionProperties) = preSolution
		HideSolutionNode = FALSE
	EndGlobalSection
	GlobalSection(ExtensibilityGlobals) = postSolution
		SolutionGuid = {92C9E93E-1EC5-47F3-B337-E8CCD4C1CCC6}
	EndGlobalSection
EndGlobal
